lockfileVersion: '9.0'

settings:
  autoInstallPeers: true
  excludeLinksFromLockfile: false

importers:

  .:
    dependencies:
      '@lydell/node-pty':
        specifier: ^1.1.0
        version: 1.1.0
      '@se-oss/deasync':
        specifier: ^1.0.1
        version: 1.0.1
      cli-spinners:
        specifier: ^3.2.0
        version: 3.2.0
      term.js:
        specifier: ^0.0.7
        version: 0.0.7
    devDependencies:
      '@types/blessed':
        specifier: ^0.1.25
        version: 0.1.25
      '@types/bun':
        specifier: ^1.2.12
        version: 1.2.12
      '@types/node':
        specifier: ^22.15.17
        version: 22.15.17
      typescript:
        specifier: ^5.8.3
        version: 5.8.3

packages:

  '@lydell/node-pty-darwin-arm64@1.1.0':
    resolution: {integrity: sha512-7kFD+owAA61qmhJCtoMbqj3Uvff3YHDiU+4on5F2vQdcMI3MuwGi7dM6MkFG/yuzpw8LF2xULpL71tOPUfxs0w==}
    cpu: [arm64]
    os: [darwin]

  '@lydell/node-pty-darwin-x64@1.1.0':
    resolution: {integrity: sha512-XZdvqj5FjAMjH8bdp0YfaZjur5DrCIDD1VYiE9EkkYVMDQqRUPHYV3U8BVEQVT9hYfjmpr7dNaELF2KyISWSNA==}
    cpu: [x64]
    os: [darwin]

  '@lydell/node-pty-linux-arm64@1.1.0':
    resolution: {integrity: sha512-yyDBmalCfHpLiQMT2zyLcqL2Fay4Xy7rIs8GH4dqKLnEviMvPGOK7LADVkKAsbsyXBSISL3Lt1m1MtxhPH6ckg==}
    cpu: [arm64]
    os: [linux]

  '@lydell/node-pty-linux-x64@1.1.0':
    resolution: {integrity: sha512-NcNqRTD14QT+vXcEuqSSvmWY+0+WUBn2uRE8EN0zKtDpIEr9d+YiFj16Uqds6QfcLCHfZmC+Ls7YzwTaqDnanA==}
    cpu: [x64]
    os: [linux]

  '@lydell/node-pty-win32-arm64@1.1.0':
    resolution: {integrity: sha512-JOMbCou+0fA7d/m97faIIfIU0jOv8sn2OR7tI45u3AmldKoKoLP8zHY6SAvDDnI3fccO1R2HeR1doVjpS7HM0w==}
    cpu: [arm64]
    os: [win32]

  '@lydell/node-pty-win32-x64@1.1.0':
    resolution: {integrity: sha512-3N56BZ+WDFnUMYRtsrr7Ky2mhWGl9xXcyqR6cexfuCqcz9RNWL+KoXRv/nZylY5dYaXkft4JaR1uVu+roiZDAw==}
    cpu: [x64]
    os: [win32]

  '@lydell/node-pty@1.1.0':
    resolution: {integrity: sha512-VDD8LtlMTOrPKWMXUAcB9+LTktzuunqrMwkYR1DMRBkS6LQrCt+0/Ws1o2rMml/n3guePpS7cxhHF7Nm5K4iMw==}

  '@se-oss/deasync-darwin-arm64@1.0.1':
    resolution: {integrity: sha512-0YWmIDEGQfW3GGopmZHhfA6mamsG0HFKZhmBzHVyFiMKkJts8kpQwGbGrWlK8eOAoPCihOsG6tCotYR3p7HZaQ==}
    engines: {node: '>= 10'}
    cpu: [arm64]
    os: [darwin]

  '@se-oss/deasync-darwin-x64@1.0.1':
    resolution: {integrity: sha512-r3FRTLIXqGqOb1DjTLW3YhO/Dd1vA2qRLP0Ym3Wmk3yMv6c/nm15zg6UVoXbgBu8cjbvcsI/OfbHPdErmjMWsw==}
    engines: {node: '>= 10'}
    cpu: [x64]
    os: [darwin]

  '@se-oss/deasync-linux-arm64-gnu@1.0.1':
    resolution: {integrity: sha512-657uRew7fZAx663Li03ilLV2lN09Dqb/NxawlDu8kKmboK1BLitHJRS+taiT5oFZqyIDrU45tlQKfCrW0p0sYA==}
    engines: {node: '>= 10'}
    cpu: [arm64]
    os: [linux]

  '@se-oss/deasync-linux-arm64-musl@1.0.1':
    resolution: {integrity: sha512-IE3fIQPIJtko4lx9sRam+Zz0P4xbpAPJgDCHaz6k9cP1yUvVI179B4IZRnFx0GyjyQpm0KhHoIGHJc4KUmA81Q==}
    engines: {node: '>= 10'}
    cpu: [arm64]
    os: [linux]

  '@se-oss/deasync-linux-x64-gnu@1.0.1':
    resolution: {integrity: sha512-XQl7etZESGIjIraCyxfAey8ZTIJUB4dUFU3rPR/xLVn9bKpZGlJLIms0z3hoHX9mipO+Cqo53vK4IVm6A7U/ww==}
    engines: {node: '>= 10'}
    cpu: [x64]
    os: [linux]

  '@se-oss/deasync-linux-x64-musl@1.0.1':
    resolution: {integrity: sha512-vWgFAZlqImqMV6jhCWV7C9wcCS1eb1ajhlKduBRPfyUxxkoObe+EqTG2BKJAuafxp3/KS1aUsIMJma9mhwFvow==}
    engines: {node: '>= 10'}
    cpu: [x64]
    os: [linux]

  '@se-oss/deasync-win32-arm64-msvc@1.0.1':
    resolution: {integrity: sha512-yk7lEE7Zd8GX7o6CuUbg3HnnmUhBx4tgfn5ff3eoq05CgBO6Z3ZtL4l+utAe1cxcFaXPhyvcgnHYyA4OF544tg==}
    engines: {node: '>= 10'}
    cpu: [arm64]
    os: [win32]

  '@se-oss/deasync-win32-x64-msvc@1.0.1':
    resolution: {integrity: sha512-ixizmuLGRPGyAesWUNWVzVOsvuunNb/qMqU8SmjfLR/vVgzdQEkSHFf+fkX9GXPN6FDv+DAz5uskTzhjUyCXFA==}
    engines: {node: '>= 10'}
    cpu: [x64]
    os: [win32]

  '@se-oss/deasync@1.0.1':
    resolution: {integrity: sha512-Ha7P/xCNxOuH72BNdLRWs4TT8rsMMrERnHtfKWBeTWu+UFW9OBTrRgfZJOlbAAQFR0l4Q30cpAn8CuR7PXWcPg==}
    engines: {node: '>= 10'}

  '@types/blessed@0.1.25':
    resolution: {integrity: sha512-kQsjBgtsbJLmG6CJA+Z6Nujj+tq1fcSE3UIowbDvzQI4wWmoTV7djUDhSo5lDjgwpIN0oRvks0SA5mMdKE5eFg==}

  '@types/bun@1.2.12':
    resolution: {integrity: sha512-lY/GQTXDGsolT/TiH72p1tuyUORuRrdV7VwOTOjDOt8uTBJQOJc5zz3ufwwDl0VBaoxotSk4LdP0hhjLJ6ypIQ==}

  '@types/node@22.15.17':
    resolution: {integrity: sha512-wIX2aSZL5FE+MR0JlvF87BNVrtFWf6AE6rxSE9X7OwnVvoyCQjpzSRJ+M87se/4QCkCiebQAqrJ0y6fwIyi7nw==}

  bun-types@1.2.12:
    resolution: {integrity: sha512-tvWMx5vPqbRXgE8WUZI94iS1xAYs8bkqESR9cxBB1Wi+urvfTrF1uzuDgBHFAdO0+d2lmsbG3HmeKMvUyj6pWA==}

  cli-spinners@3.2.0:
    resolution: {integrity: sha512-pXftdQloMZzjCr3pCTIRniDcys6dDzgpgVhAHHk6TKBDbRuP1MkuetTF5KSv4YUutbOPa7+7ZrAJ2kVtbMqyXA==}
    engines: {node: '>=18.20'}

  term.js@0.0.7:
    resolution: {integrity: sha512-c65+7Z/51TDl/owjT2BrPHhMtJu5MjcvPWTC2oAV/ybzuwUCuj5/OQ08urfEHkQpfphyXs/zZRCjZfnSC3bntA==}
    engines: {node: '>= 0.8.0'}

  type-fest@4.41.0:
    resolution: {integrity: sha512-TeTSQ6H5YHvpqVwBRcnLDCBnDOHWYu7IvGbHT6N8AOymcr9PJGjc1GTtiWZTYg0NCgYwvnYWEkVChQAr9bjfwA==}
    engines: {node: '>=16'}

  typescript@5.8.3:
    resolution: {integrity: sha512-p1diW6TqL9L07nNxvRMM7hMMw4c5XOo/1ibL4aAIGmSAt9slTE1Xgw5KWuof2uTOvCg9BY7ZRi+GaF+7sfgPeQ==}
    engines: {node: '>=14.17'}
    hasBin: true

  undici-types@6.21.0:
    resolution: {integrity: sha512-iwDZqg0QAGrg9Rav5H4n0M64c3mkR59cJ6wQp+7C4nI0gsmExaedaYLNO44eT4AtBBwjbTiGPMlt2Md0T9H9JQ==}

snapshots:

  '@lydell/node-pty-darwin-arm64@1.1.0':
    optional: true

  '@lydell/node-pty-darwin-x64@1.1.0':
    optional: true

  '@lydell/node-pty-linux-arm64@1.1.0':
    optional: true

  '@lydell/node-pty-linux-x64@1.1.0':
    optional: true

  '@lydell/node-pty-win32-arm64@1.1.0':
    optional: true

  '@lydell/node-pty-win32-x64@1.1.0':
    optional: true

  '@lydell/node-pty@1.1.0':
    optionalDependencies:
      '@lydell/node-pty-darwin-arm64': 1.1.0
      '@lydell/node-pty-darwin-x64': 1.1.0
      '@lydell/node-pty-linux-arm64': 1.1.0
      '@lydell/node-pty-linux-x64': 1.1.0
      '@lydell/node-pty-win32-arm64': 1.1.0
      '@lydell/node-pty-win32-x64': 1.1.0

  '@se-oss/deasync-darwin-arm64@1.0.1':
    optional: true

  '@se-oss/deasync-darwin-x64@1.0.1':
    optional: true

  '@se-oss/deasync-linux-arm64-gnu@1.0.1':
    optional: true

  '@se-oss/deasync-linux-arm64-musl@1.0.1':
    optional: true

  '@se-oss/deasync-linux-x64-gnu@1.0.1':
    optional: true

  '@se-oss/deasync-linux-x64-musl@1.0.1':
    optional: true

  '@se-oss/deasync-win32-arm64-msvc@1.0.1':
    optional: true

  '@se-oss/deasync-win32-x64-msvc@1.0.1':
    optional: true

  '@se-oss/deasync@1.0.1':
    dependencies:
      type-fest: 4.41.0
    optionalDependencies:
      '@se-oss/deasync-darwin-arm64': 1.0.1
      '@se-oss/deasync-darwin-x64': 1.0.1
      '@se-oss/deasync-linux-arm64-gnu': 1.0.1
      '@se-oss/deasync-linux-arm64-musl': 1.0.1
      '@se-oss/deasync-linux-x64-gnu': 1.0.1
      '@se-oss/deasync-linux-x64-musl': 1.0.1
      '@se-oss/deasync-win32-arm64-msvc': 1.0.1
      '@se-oss/deasync-win32-x64-msvc': 1.0.1

  '@types/blessed@0.1.25':
    dependencies:
      '@types/node': 22.15.17

  '@types/bun@1.2.12':
    dependencies:
      bun-types: 1.2.12

  '@types/node@22.15.17':
    dependencies:
      undici-types: 6.21.0

  bun-types@1.2.12:
    dependencies:
      '@types/node': 22.15.17

  cli-spinners@3.2.0: {}

  term.js@0.0.7: {}

  type-fest@4.41.0: {}

  typescript@5.8.3: {}

  undici-types@6.21.0: {}
